// !$*UTF8*$!
{
	archiveVersion = 1;
	classes = {
	};
	objectVersion = 46;
	objects = {

/* Begin PBXBuildFile section */
		4917F2EF1BE5E32E0054A646 /* Main.storyboard in Resources */ = {isa = PBXBuildFile; fileRef = 4917F2F11BE5E32E0054A646 /* Main.storyboard */; };
		4917F2F21BE5E33A0054A646 /* LaunchScreen.storyboard in Resources */ = {isa = PBXBuildFile; fileRef = 4917F2F41BE5E33A0054A646 /* LaunchScreen.storyboard */; };
		4917F2F51BE5E3600054A646 /* Info.plist in Resources */ = {isa = PBXBuildFile; fileRef = 4917F2F71BE5E3600054A646 /* Info.plist */; };
		496314911BED63D00021B51B /* WelcomePage.png in Resources */ = {isa = PBXBuildFile; fileRef = 496314901BED63D00021B51B /* WelcomePage.png */; };
		496314931BED66940021B51B /* CNY-Master-Background.png in Resources */ = {isa = PBXBuildFile; fileRef = 496314921BED66940021B51B /* CNY-Master-Background.png */; };
		496314951BED6C080021B51B /* HomePage.png in Resources */ = {isa = PBXBuildFile; fileRef = 496314941BED6C080021B51B /* HomePage.png */; };
		4976B7DE1BE5887A009E794E /* AppDelegate.swift in Sources */ = {isa = PBXBuildFile; fileRef = 4976B7DD1BE5887A009E794E /* AppDelegate.swift */; };
		4976B7E01BE5887A009E794E /* ViewController.swift in Sources */ = {isa = PBXBuildFile; fileRef = 4976B7DF1BE5887A009E794E /* ViewController.swift */; };
		4976B7E61BE5887A009E794E /* beaconscan.xcdatamodeld in Sources */ = {isa = PBXBuildFile; fileRef = 4976B7E41BE5887A009E794E /* beaconscan.xcdatamodeld */; };
		4976B7E81BE5887A009E794E /* Assets.xcassets in Resources */ = {isa = PBXBuildFile; fileRef = 4976B7E71BE5887A009E794E /* Assets.xcassets */; };
		4976B7F61BE5887A009E794E /* beaconscanTests.swift in Sources */ = {isa = PBXBuildFile; fileRef = 4976B7F51BE5887A009E794E /* beaconscanTests.swift */; };
		4976B8011BE5887A009E794E /* beaconscanUITests.swift in Sources */ = {isa = PBXBuildFile; fileRef = 4976B8001BE5887A009E794E /* beaconscanUITests.swift */; };
		FB2BA9091BE7AC9500CC110B /* SWRevealViewController.m in Sources */ = {isa = PBXBuildFile; fileRef = FB2BA9081BE7AC9500CC110B /* SWRevealViewController.m */; };
		FB2BA90C1BE7B88100CC110B /* HomeTableViewController.swift in Sources */ = {isa = PBXBuildFile; fileRef = FB2BA90B1BE7B88100CC110B /* HomeTableViewController.swift */; };
		FB2BA90E1BE7C14500CC110B /* SettingViewController.swift in Sources */ = {isa = PBXBuildFile; fileRef = FB2BA90D1BE7C14500CC110B /* SettingViewController.swift */; };
		FB2BA9101BE7C2C700CC110B /* LaiSeeViewController.swift in Sources */ = {isa = PBXBuildFile; fileRef = FB2BA90F1BE7C2C700CC110B /* LaiSeeViewController.swift */; };
		FB94B1431BE8310600D3E5DC /* LaiSeeTableViewController.swift in Sources */ = {isa = PBXBuildFile; fileRef = FB94B1421BE8310600D3E5DC /* LaiSeeTableViewController.swift */; };
		FB94B1451BE8319500D3E5DC /* PersonalInfoViewController.swift in Sources */ = {isa = PBXBuildFile; fileRef = FB94B1441BE8319500D3E5DC /* PersonalInfoViewController.swift */; };
		FB94B1861BE9198700D3E5DC /* EventCell.swift in Sources */ = {isa = PBXBuildFile; fileRef = FB94B1701BE9198700D3E5DC /* EventCell.swift */; };
		FB94B1871BE9198700D3E5DC /* CartCell.swift in Sources */ = {isa = PBXBuildFile; fileRef = FB94B1721BE9198700D3E5DC /* CartCell.swift */; };
		FB94B1881BE9198700D3E5DC /* CategoryCell.swift in Sources */ = {isa = PBXBuildFile; fileRef = FB94B1731BE9198700D3E5DC /* CategoryCell.swift */; };
		FB94B1891BE9198700D3E5DC /* ProductCell.swift in Sources */ = {isa = PBXBuildFile; fileRef = FB94B1741BE9198700D3E5DC /* ProductCell.swift */; };
		FB94B18A1BE9198700D3E5DC /* ProductImageCell.swift in Sources */ = {isa = PBXBuildFile; fileRef = FB94B1751BE9198700D3E5DC /* ProductImageCell.swift */; };
		FB94B18B1BE9198700D3E5DC /* AlbumCell.swift in Sources */ = {isa = PBXBuildFile; fileRef = FB94B1771BE9198700D3E5DC /* AlbumCell.swift */; };
		FB94B18C1BE9198700D3E5DC /* PhotoCell.swift in Sources */ = {isa = PBXBuildFile; fileRef = FB94B1781BE9198700D3E5DC /* PhotoCell.swift */; };
		FB94B18D1BE9198700D3E5DC /* TrackCell.swift in Sources */ = {isa = PBXBuildFile; fileRef = FB94B1791BE9198700D3E5DC /* TrackCell.swift */; };
		FB94B18E1BE9198700D3E5DC /* MetaCell.swift in Sources */ = {isa = PBXBuildFile; fileRef = FB94B17B1BE9198700D3E5DC /* MetaCell.swift */; };
		FB94B18F1BE9198700D3E5DC /* NavigationFullCell.swift in Sources */ = {isa = PBXBuildFile; fileRef = FB94B17D1BE9198700D3E5DC /* NavigationFullCell.swift */; };
		FB94B1901BE9198700D3E5DC /* NavigationSideCell.swift in Sources */ = {isa = PBXBuildFile; fileRef = FB94B17E1BE9198700D3E5DC /* NavigationSideCell.swift */; };
		FB94B1911BE9198700D3E5DC /* NavigationTableCell.swift in Sources */ = {isa = PBXBuildFile; fileRef = FB94B17F1BE9198700D3E5DC /* NavigationTableCell.swift */; };
		FB94B1921BE9198700D3E5DC /* TimelineCell.swift in Sources */ = {isa = PBXBuildFile; fileRef = FB94B1801BE9198700D3E5DC /* TimelineCell.swift */; };
		FB94B1931BE9198700D3E5DC /* ConnectionCell.swift in Sources */ = {isa = PBXBuildFile; fileRef = FB94B1821BE9198700D3E5DC /* ConnectionCell.swift */; };
		FB94B1941BE9198700D3E5DC /* PictureCell.swift in Sources */ = {isa = PBXBuildFile; fileRef = FB94B1831BE9198700D3E5DC /* PictureCell.swift */; };
		FB94B1951BE9198700D3E5DC /* MegaTheme.swift in Sources */ = {isa = PBXBuildFile; fileRef = FB94B1851BE9198700D3E5DC /* MegaTheme.swift */; };
		FB94B1981BE9AD1C00D3E5DC /* utils.swift in Sources */ = {isa = PBXBuildFile; fileRef = FB94B1971BE9AD1C00D3E5DC /* utils.swift */; };
		FB94B19C1BEA310F00D3E5DC /* InfuseAPI.swift in Sources */ = {isa = PBXBuildFile; fileRef = FB94B19B1BEA310F00D3E5DC /* InfuseAPI.swift */; };
		FB94B1A11BEA424600D3E5DC /* Retailer.swift in Sources */ = {isa = PBXBuildFile; fileRef = FB94B1A01BEA424600D3E5DC /* Retailer.swift */; };
		FB97981B1BEB7FB8000C1FB2 /* RetailerCell.swift in Sources */ = {isa = PBXBuildFile; fileRef = FB97981A1BEB7FB8000C1FB2 /* RetailerCell.swift */; };
/* End PBXBuildFile section */

/* Begin PBXContainerItemProxy section */
		4976B7F21BE5887A009E794E /* PBXContainerItemProxy */ = {
			isa = PBXContainerItemProxy;
			containerPortal = 4976B7D21BE5887A009E794E /* Project object */;
			proxyType = 1;
			remoteGlobalIDString = 4976B7D91BE5887A009E794E;
			remoteInfo = beaconscan;
		};
		4976B7FD1BE5887A009E794E /* PBXContainerItemProxy */ = {
			isa = PBXContainerItemProxy;
			containerPortal = 4976B7D21BE5887A009E794E /* Project object */;
			proxyType = 1;
			remoteGlobalIDString = 4976B7D91BE5887A009E794E;
			remoteInfo = beaconscan;
		};
/* End PBXContainerItemProxy section */

/* Begin PBXFileReference section */
		4917F2F01BE5E32E0054A646 /* Base */ = {isa = PBXFileReference; lastKnownFileType = file.storyboard; name = Base; path = Base.lproj/Main.storyboard; sourceTree = "<group>"; };
		4917F2F31BE5E33A0054A646 /* Base */ = {isa = PBXFileReference; lastKnownFileType = file.storyboard; name = Base; path = Base.lproj/LaunchScreen.storyboard; sourceTree = "<group>"; };
		4917F2F61BE5E3600054A646 /* Base */ = {isa = PBXFileReference; lastKnownFileType = text.plist.xml; name = Base; path = Base.lproj/Info.plist; sourceTree = "<group>"; };
		495092EF1BE68E650054DBA6 /* zh-Hant */ = {isa = PBXFileReference; lastKnownFileType = text.plist.strings; name = "zh-Hant"; path = "zh-Hant.lproj/Main.strings"; sourceTree = "<group>"; };
		495092F11BE68E670054DBA6 /* zh-Hans */ = {isa = PBXFileReference; lastKnownFileType = text.plist.strings; name = "zh-Hans"; path = "zh-Hans.lproj/Main.strings"; sourceTree = "<group>"; };
		496314901BED63D00021B51B /* WelcomePage.png */ = {isa = PBXFileReference; lastKnownFileType = image.png; path = WelcomePage.png; sourceTree = "<group>"; };
		496314921BED66940021B51B /* CNY-Master-Background.png */ = {isa = PBXFileReference; lastKnownFileType = image.png; path = "CNY-Master-Background.png"; sourceTree = "<group>"; };
		496314941BED6C080021B51B /* HomePage.png */ = {isa = PBXFileReference; lastKnownFileType = image.png; path = HomePage.png; sourceTree = "<group>"; };
		496D6BF61BE687E700DA350B /* zh-Hant */ = {isa = PBXFileReference; lastKnownFileType = text.plist.strings; name = "zh-Hant"; path = "zh-Hant.lproj/InfoPlist.strings"; sourceTree = "<group>"; };
		496D6BF71BE687E700DA350B /* zh-Hant */ = {isa = PBXFileReference; lastKnownFileType = text.plist.strings; name = "zh-Hant"; path = "zh-Hant.lproj/InfoPlist.strings"; sourceTree = "<group>"; };
		4976B7DA1BE5887A009E794E /* beaconscan.app */ = {isa = PBXFileReference; explicitFileType = wrapper.application; includeInIndex = 0; path = beaconscan.app; sourceTree = BUILT_PRODUCTS_DIR; };
		4976B7DD1BE5887A009E794E /* AppDelegate.swift */ = {isa = PBXFileReference; lastKnownFileType = sourcecode.swift; path = AppDelegate.swift; sourceTree = "<group>"; };
		4976B7DF1BE5887A009E794E /* ViewController.swift */ = {isa = PBXFileReference; lastKnownFileType = sourcecode.swift; path = ViewController.swift; sourceTree = "<group>"; };
		4976B7E51BE5887A009E794E /* beaconscan.xcdatamodel */ = {isa = PBXFileReference; lastKnownFileType = wrapper.xcdatamodel; path = beaconscan.xcdatamodel; sourceTree = "<group>"; };
		4976B7E71BE5887A009E794E /* Assets.xcassets */ = {isa = PBXFileReference; lastKnownFileType = folder.assetcatalog; path = Assets.xcassets; sourceTree = "<group>"; };
		4976B7F11BE5887A009E794E /* beaconscanTests.xctest */ = {isa = PBXFileReference; explicitFileType = wrapper.cfbundle; includeInIndex = 0; path = beaconscanTests.xctest; sourceTree = BUILT_PRODUCTS_DIR; };
		4976B7F51BE5887A009E794E /* beaconscanTests.swift */ = {isa = PBXFileReference; lastKnownFileType = sourcecode.swift; path = beaconscanTests.swift; sourceTree = "<group>"; };
		4976B7F71BE5887A009E794E /* Info.plist */ = {isa = PBXFileReference; lastKnownFileType = text.plist.xml; path = Info.plist; sourceTree = "<group>"; };
		4976B7FC1BE5887A009E794E /* beaconscanUITests.xctest */ = {isa = PBXFileReference; explicitFileType = wrapper.cfbundle; includeInIndex = 0; path = beaconscanUITests.xctest; sourceTree = BUILT_PRODUCTS_DIR; };
		4976B8001BE5887A009E794E /* beaconscanUITests.swift */ = {isa = PBXFileReference; lastKnownFileType = sourcecode.swift; path = beaconscanUITests.swift; sourceTree = "<group>"; };
		4976B8021BE5887A009E794E /* Info.plist */ = {isa = PBXFileReference; lastKnownFileType = text.plist.xml; path = Info.plist; sourceTree = "<group>"; };
		FB2BA9061BE7AC9400CC110B /* beaconscan-Bridging-Header.h */ = {isa = PBXFileReference; lastKnownFileType = sourcecode.c.h; path = "beaconscan-Bridging-Header.h"; sourceTree = "<group>"; };
		FB2BA9071BE7AC9500CC110B /* SWRevealViewController.h */ = {isa = PBXFileReference; fileEncoding = 4; lastKnownFileType = sourcecode.c.h; path = SWRevealViewController.h; sourceTree = "<group>"; };
		FB2BA9081BE7AC9500CC110B /* SWRevealViewController.m */ = {isa = PBXFileReference; fileEncoding = 4; lastKnownFileType = sourcecode.c.objc; path = SWRevealViewController.m; sourceTree = "<group>"; };
		FB2BA90B1BE7B88100CC110B /* HomeTableViewController.swift */ = {isa = PBXFileReference; fileEncoding = 4; lastKnownFileType = sourcecode.swift; name = HomeTableViewController.swift; path = beaconscan/view/HomeTableViewController.swift; sourceTree = SOURCE_ROOT; };
		FB2BA90D1BE7C14500CC110B /* SettingViewController.swift */ = {isa = PBXFileReference; fileEncoding = 4; lastKnownFileType = sourcecode.swift; name = SettingViewController.swift; path = beaconscan/view/SettingViewController.swift; sourceTree = SOURCE_ROOT; };
		FB2BA90F1BE7C2C700CC110B /* LaiSeeViewController.swift */ = {isa = PBXFileReference; fileEncoding = 4; lastKnownFileType = sourcecode.swift; name = LaiSeeViewController.swift; path = beaconscan/view/LaiSeeViewController.swift; sourceTree = SOURCE_ROOT; };
		FB94B1421BE8310600D3E5DC /* LaiSeeTableViewController.swift */ = {isa = PBXFileReference; fileEncoding = 4; lastKnownFileType = sourcecode.swift; name = LaiSeeTableViewController.swift; path = beaconscan/view/LaiSeeTableViewController.swift; sourceTree = SOURCE_ROOT; };
		FB94B1441BE8319500D3E5DC /* PersonalInfoViewController.swift */ = {isa = PBXFileReference; fileEncoding = 4; lastKnownFileType = sourcecode.swift; name = PersonalInfoViewController.swift; path = beaconscan/view/PersonalInfoViewController.swift; sourceTree = SOURCE_ROOT; };
		FB94B1701BE9198700D3E5DC /* EventCell.swift */ = {isa = PBXFileReference; fileEncoding = 4; lastKnownFileType = sourcecode.swift; path = EventCell.swift; sourceTree = "<group>"; };
		FB94B1721BE9198700D3E5DC /* CartCell.swift */ = {isa = PBXFileReference; fileEncoding = 4; lastKnownFileType = sourcecode.swift; path = CartCell.swift; sourceTree = "<group>"; };
		FB94B1731BE9198700D3E5DC /* CategoryCell.swift */ = {isa = PBXFileReference; fileEncoding = 4; lastKnownFileType = sourcecode.swift; path = CategoryCell.swift; sourceTree = "<group>"; };
		FB94B1741BE9198700D3E5DC /* ProductCell.swift */ = {isa = PBXFileReference; fileEncoding = 4; lastKnownFileType = sourcecode.swift; path = ProductCell.swift; sourceTree = "<group>"; };
		FB94B1751BE9198700D3E5DC /* ProductImageCell.swift */ = {isa = PBXFileReference; fileEncoding = 4; lastKnownFileType = sourcecode.swift; path = ProductImageCell.swift; sourceTree = "<group>"; };
		FB94B1771BE9198700D3E5DC /* AlbumCell.swift */ = {isa = PBXFileReference; fileEncoding = 4; lastKnownFileType = sourcecode.swift; path = AlbumCell.swift; sourceTree = "<group>"; };
		FB94B1781BE9198700D3E5DC /* PhotoCell.swift */ = {isa = PBXFileReference; fileEncoding = 4; lastKnownFileType = sourcecode.swift; path = PhotoCell.swift; sourceTree = "<group>"; };
		FB94B1791BE9198700D3E5DC /* TrackCell.swift */ = {isa = PBXFileReference; fileEncoding = 4; lastKnownFileType = sourcecode.swift; path = TrackCell.swift; sourceTree = "<group>"; };
		FB94B17B1BE9198700D3E5DC /* MetaCell.swift */ = {isa = PBXFileReference; fileEncoding = 4; lastKnownFileType = sourcecode.swift; path = MetaCell.swift; sourceTree = "<group>"; };
		FB94B17D1BE9198700D3E5DC /* NavigationFullCell.swift */ = {isa = PBXFileReference; fileEncoding = 4; lastKnownFileType = sourcecode.swift; path = NavigationFullCell.swift; sourceTree = "<group>"; };
		FB94B17E1BE9198700D3E5DC /* NavigationSideCell.swift */ = {isa = PBXFileReference; fileEncoding = 4; lastKnownFileType = sourcecode.swift; path = NavigationSideCell.swift; sourceTree = "<group>"; };
		FB94B17F1BE9198700D3E5DC /* NavigationTableCell.swift */ = {isa = PBXFileReference; fileEncoding = 4; lastKnownFileType = sourcecode.swift; path = NavigationTableCell.swift; sourceTree = "<group>"; };
		FB94B1801BE9198700D3E5DC /* TimelineCell.swift */ = {isa = PBXFileReference; fileEncoding = 4; lastKnownFileType = sourcecode.swift; path = TimelineCell.swift; sourceTree = "<group>"; };
		FB94B1821BE9198700D3E5DC /* ConnectionCell.swift */ = {isa = PBXFileReference; fileEncoding = 4; lastKnownFileType = sourcecode.swift; path = ConnectionCell.swift; sourceTree = "<group>"; };
		FB94B1831BE9198700D3E5DC /* PictureCell.swift */ = {isa = PBXFileReference; fileEncoding = 4; lastKnownFileType = sourcecode.swift; path = PictureCell.swift; sourceTree = "<group>"; };
		FB94B1851BE9198700D3E5DC /* MegaTheme.swift */ = {isa = PBXFileReference; fileEncoding = 4; lastKnownFileType = sourcecode.swift; path = MegaTheme.swift; sourceTree = "<group>"; };
		FB94B1971BE9AD1C00D3E5DC /* utils.swift */ = {isa = PBXFileReference; fileEncoding = 4; lastKnownFileType = sourcecode.swift; name = utils.swift; path = Utils/utils.swift; sourceTree = "<group>"; };
		FB94B19B1BEA310F00D3E5DC /* InfuseAPI.swift */ = {isa = PBXFileReference; fileEncoding = 4; lastKnownFileType = sourcecode.swift; name = InfuseAPI.swift; path = InfuseAPI/InfuseAPI.swift; sourceTree = "<group>"; };
		FB94B1A01BEA424600D3E5DC /* Retailer.swift */ = {isa = PBXFileReference; fileEncoding = 4; lastKnownFileType = sourcecode.swift; name = Retailer.swift; path = Utils/Retailer.swift; sourceTree = "<group>"; };
		FB97981A1BEB7FB8000C1FB2 /* RetailerCell.swift */ = {isa = PBXFileReference; fileEncoding = 4; lastKnownFileType = sourcecode.swift; path = RetailerCell.swift; sourceTree = "<group>"; };
/* End PBXFileReference section */

/* Begin PBXFrameworksBuildPhase section */
		4976B7D71BE5887A009E794E /* Frameworks */ = {
			isa = PBXFrameworksBuildPhase;
			buildActionMask = 2147483647;
			files = (
			);
			runOnlyForDeploymentPostprocessing = 0;
		};
		4976B7EE1BE5887A009E794E /* Frameworks */ = {
			isa = PBXFrameworksBuildPhase;
			buildActionMask = 2147483647;
			files = (
			);
			runOnlyForDeploymentPostprocessing = 0;
		};
		4976B7F91BE5887A009E794E /* Frameworks */ = {
			isa = PBXFrameworksBuildPhase;
			buildActionMask = 2147483647;
			files = (
			);
			runOnlyForDeploymentPostprocessing = 0;
		};
/* End PBXFrameworksBuildPhase section */

/* Begin PBXGroup section */
		4963148F1BED63AD0021B51B /* Assets */ = {
			isa = PBXGroup;
			children = (
				496314941BED6C080021B51B /* HomePage.png */,
				496314921BED66940021B51B /* CNY-Master-Background.png */,
				496314901BED63D00021B51B /* WelcomePage.png */,
			);
			name = Assets;
			path = beaconscan;
			sourceTree = SOURCE_ROOT;
		};
		4976B7D11BE5887A009E794E = {
			isa = PBXGroup;
			children = (
				4976B7DC1BE5887A009E794E /* beaconscan */,
				4976B7F41BE5887A009E794E /* beaconscanTests */,
				4976B7FF1BE5887A009E794E /* beaconscanUITests */,
				4976B7DB1BE5887A009E794E /* Products */,
			);
			sourceTree = "<group>";
		};
		4976B7DB1BE5887A009E794E /* Products */ = {
			isa = PBXGroup;
			children = (
				4976B7DA1BE5887A009E794E /* beaconscan.app */,
				4976B7F11BE5887A009E794E /* beaconscanTests.xctest */,
				4976B7FC1BE5887A009E794E /* beaconscanUITests.xctest */,
			);
			name = Products;
			sourceTree = "<group>";
		};
		4976B7DC1BE5887A009E794E /* beaconscan */ = {
			isa = PBXGroup;
			children = (
				4963148F1BED63AD0021B51B /* Assets */,
				FB94B19D1BEA316600D3E5DC /* InfuseAPI */,
				FB94B1961BE9ACEA00D3E5DC /* Utils */,
				FB94B16E1BE9198700D3E5DC /* Cells */,
				FB94B1841BE9198700D3E5DC /* Theme */,
				FB2BA90A1BE7B85F00CC110B /* view */,
				FB2BA9051BE7AC6500CC110B /* SWRevealViewController */,
				4976B7DD1BE5887A009E794E /* AppDelegate.swift */,
				4976B7DF1BE5887A009E794E /* ViewController.swift */,
				4917F2F11BE5E32E0054A646 /* Main.storyboard */,
				4976B7E71BE5887A009E794E /* Assets.xcassets */,
				4917F2F41BE5E33A0054A646 /* LaunchScreen.storyboard */,
				4917F2F71BE5E3600054A646 /* Info.plist */,
				4976B7E41BE5887A009E794E /* beaconscan.xcdatamodeld */,
			);
			path = beaconscan;
			sourceTree = SOURCE_ROOT;
		};
		4976B7F41BE5887A009E794E /* beaconscanTests */ = {
			isa = PBXGroup;
			children = (
				499F0B6C1BE68761005D9D84 /* InfoPlist.strings */,
				4976B7F51BE5887A009E794E /* beaconscanTests.swift */,
				4976B7F71BE5887A009E794E /* Info.plist */,
			);
			path = beaconscanTests;
			sourceTree = "<group>";
		};
		4976B7FF1BE5887A009E794E /* beaconscanUITests */ = {
			isa = PBXGroup;
			children = (
				499F0B671BE68761005D9D84 /* InfoPlist.strings */,
				4976B8001BE5887A009E794E /* beaconscanUITests.swift */,
				4976B8021BE5887A009E794E /* Info.plist */,
			);
			path = beaconscanUITests;
			sourceTree = "<group>";
		};
		FB2BA9051BE7AC6500CC110B /* SWRevealViewController */ = {
			isa = PBXGroup;
			children = (
				FB2BA9071BE7AC9500CC110B /* SWRevealViewController.h */,
				FB2BA9081BE7AC9500CC110B /* SWRevealViewController.m */,
				FB2BA9061BE7AC9400CC110B /* beaconscan-Bridging-Header.h */,
			);
			name = SWRevealViewController;
			sourceTree = "<group>";
		};
		FB2BA90A1BE7B85F00CC110B /* view */ = {
			isa = PBXGroup;
			children = (
				FB2BA90B1BE7B88100CC110B /* HomeTableViewController.swift */,
				FB2BA90D1BE7C14500CC110B /* SettingViewController.swift */,
				FB2BA90F1BE7C2C700CC110B /* LaiSeeViewController.swift */,
				FB94B1421BE8310600D3E5DC /* LaiSeeTableViewController.swift */,
				FB94B1441BE8319500D3E5DC /* PersonalInfoViewController.swift */,
			);
			name = view;
			path = beaconscan;
			sourceTree = SOURCE_ROOT;
		};
		FB94B16E1BE9198700D3E5DC /* Cells */ = {
			isa = PBXGroup;
			children = (
				FB94B16F1BE9198700D3E5DC /* ChartCells */,
				FB94B1711BE9198700D3E5DC /* eCommerce Cells */,
				FB94B1761BE9198700D3E5DC /* Media Cells */,
				FB94B17A1BE9198700D3E5DC /* Meta Cells */,
				FB94B17C1BE9198700D3E5DC /* NavigationCells */,
				FB94B1811BE9198700D3E5DC /* SocialCells */,
				FB97981A1BEB7FB8000C1FB2 /* RetailerCell.swift */,
			);
			name = Cells;
			path = beaconscan/Cells;
			sourceTree = SOURCE_ROOT;
		};
		FB94B16F1BE9198700D3E5DC /* ChartCells */ = {
			isa = PBXGroup;
			children = (
				FB94B1701BE9198700D3E5DC /* EventCell.swift */,
			);
			path = ChartCells;
			sourceTree = "<group>";
		};
		FB94B1711BE9198700D3E5DC /* eCommerce Cells */ = {
			isa = PBXGroup;
			children = (
				FB94B1721BE9198700D3E5DC /* CartCell.swift */,
				FB94B1731BE9198700D3E5DC /* CategoryCell.swift */,
				FB94B1741BE9198700D3E5DC /* ProductCell.swift */,
				FB94B1751BE9198700D3E5DC /* ProductImageCell.swift */,
			);
			path = "eCommerce Cells";
			sourceTree = "<group>";
		};
		FB94B1761BE9198700D3E5DC /* Media Cells */ = {
			isa = PBXGroup;
			children = (
				FB94B1771BE9198700D3E5DC /* AlbumCell.swift */,
				FB94B1781BE9198700D3E5DC /* PhotoCell.swift */,
				FB94B1791BE9198700D3E5DC /* TrackCell.swift */,
			);
			path = "Media Cells";
			sourceTree = "<group>";
		};
		FB94B17A1BE9198700D3E5DC /* Meta Cells */ = {
			isa = PBXGroup;
			children = (
				FB94B17B1BE9198700D3E5DC /* MetaCell.swift */,
			);
			path = "Meta Cells";
			sourceTree = "<group>";
		};
		FB94B17C1BE9198700D3E5DC /* NavigationCells */ = {
			isa = PBXGroup;
			children = (
				FB94B17D1BE9198700D3E5DC /* NavigationFullCell.swift */,
				FB94B17E1BE9198700D3E5DC /* NavigationSideCell.swift */,
				FB94B17F1BE9198700D3E5DC /* NavigationTableCell.swift */,
				FB94B1801BE9198700D3E5DC /* TimelineCell.swift */,
			);
			path = NavigationCells;
			sourceTree = "<group>";
		};
		FB94B1811BE9198700D3E5DC /* SocialCells */ = {
			isa = PBXGroup;
			children = (
				FB94B1821BE9198700D3E5DC /* ConnectionCell.swift */,
				FB94B1831BE9198700D3E5DC /* PictureCell.swift */,
			);
			path = SocialCells;
			sourceTree = "<group>";
		};
		FB94B1841BE9198700D3E5DC /* Theme */ = {
			isa = PBXGroup;
			children = (
				FB94B1851BE9198700D3E5DC /* MegaTheme.swift */,
			);
			name = Theme;
			path = beaconscan/Theme;
			sourceTree = SOURCE_ROOT;
		};
		FB94B1961BE9ACEA00D3E5DC /* Utils */ = {
			isa = PBXGroup;
			children = (
				FB94B1971BE9AD1C00D3E5DC /* utils.swift */,
			);
			name = Utils;
			path = beaconscan;
			sourceTree = SOURCE_ROOT;
		};
		FB94B19D1BEA316600D3E5DC /* InfuseAPI */ = {
			isa = PBXGroup;
			children = (
				FB94B19B1BEA310F00D3E5DC /* InfuseAPI.swift */,
				FB94B1A01BEA424600D3E5DC /* Retailer.swift */,
			);
			name = InfuseAPI;
			path = beaconscan;
			sourceTree = SOURCE_ROOT;
		};
/* End PBXGroup section */

/* Begin PBXNativeTarget section */
		4976B7D91BE5887A009E794E /* beaconscan */ = {
			isa = PBXNativeTarget;
			buildConfigurationList = 4976B8051BE5887A009E794E /* Build configuration list for PBXNativeTarget "beaconscan" */;
			buildPhases = (
				4976B7D61BE5887A009E794E /* Sources */,
				4976B7D71BE5887A009E794E /* Frameworks */,
				4976B7D81BE5887A009E794E /* Resources */,
			);
			buildRules = (
			);
			dependencies = (
			);
			name = beaconscan;
			productName = beaconscan;
			productReference = 4976B7DA1BE5887A009E794E /* beaconscan.app */;
			productType = "com.apple.product-type.application";
		};
		4976B7F01BE5887A009E794E /* beaconscanTests */ = {
			isa = PBXNativeTarget;
			buildConfigurationList = 4976B8081BE5887A009E794E /* Build configuration list for PBXNativeTarget "beaconscanTests" */;
			buildPhases = (
				4976B7ED1BE5887A009E794E /* Sources */,
				4976B7EE1BE5887A009E794E /* Frameworks */,
				4976B7EF1BE5887A009E794E /* Resources */,
			);
			buildRules = (
			);
			dependencies = (
				4976B7F31BE5887A009E794E /* PBXTargetDependency */,
			);
			name = beaconscanTests;
			productName = beaconscanTests;
			productReference = 4976B7F11BE5887A009E794E /* beaconscanTests.xctest */;
			productType = "com.apple.product-type.bundle.unit-test";
		};
		4976B7FB1BE5887A009E794E /* beaconscanUITests */ = {
			isa = PBXNativeTarget;
			buildConfigurationList = 4976B80B1BE5887A009E794E /* Build configuration list for PBXNativeTarget "beaconscanUITests" */;
			buildPhases = (
				4976B7F81BE5887A009E794E /* Sources */,
				4976B7F91BE5887A009E794E /* Frameworks */,
				4976B7FA1BE5887A009E794E /* Resources */,
			);
			buildRules = (
			);
			dependencies = (
				4976B7FE1BE5887A009E794E /* PBXTargetDependency */,
			);
			name = beaconscanUITests;
			productName = beaconscanUITests;
			productReference = 4976B7FC1BE5887A009E794E /* beaconscanUITests.xctest */;
			productType = "com.apple.product-type.bundle.ui-testing";
		};
/* End PBXNativeTarget section */

/* Begin PBXProject section */
		4976B7D21BE5887A009E794E /* Project object */ = {
			isa = PBXProject;
			attributes = {
				LastSwiftUpdateCheck = 0710;
				LastUpgradeCheck = 0710;
				ORGANIZATIONNAME = "Kim Mo";
				TargetAttributes = {
					4976B7D91BE5887A009E794E = {
						CreatedOnToolsVersion = 7.1;
						DevelopmentTeam = KZTU89HESF;
					};
					4976B7F01BE5887A009E794E = {
						CreatedOnToolsVersion = 7.1;
						TestTargetID = 4976B7D91BE5887A009E794E;
					};
					4976B7FB1BE5887A009E794E = {
						CreatedOnToolsVersion = 7.1;
						TestTargetID = 4976B7D91BE5887A009E794E;
					};
				};
			};
			buildConfigurationList = 4976B7D51BE5887A009E794E /* Build configuration list for PBXProject "beaconscan" */;
			compatibilityVersion = "Xcode 3.2";
			developmentRegion = English;
			hasScannedForEncodings = 0;
			knownRegions = (
				en,
				Base,
				"zh-Hant",
				"zh-Hans",
			);
			mainGroup = 4976B7D11BE5887A009E794E;
			productRefGroup = 4976B7DB1BE5887A009E794E /* Products */;
			projectDirPath = "";
			projectRoot = "";
			targets = (
				4976B7D91BE5887A009E794E /* beaconscan */,
				4976B7F01BE5887A009E794E /* beaconscanTests */,
				4976B7FB1BE5887A009E794E /* beaconscanUITests */,
			);
		};
/* End PBXProject section */

/* Begin PBXResourcesBuildPhase section */
		4976B7D81BE5887A009E794E /* Resources */ = {
			isa = PBXResourcesBuildPhase;
			buildActionMask = 2147483647;
			files = (
				496314931BED66940021B51B /* CNY-Master-Background.png in Resources */,
				496314951BED6C080021B51B /* HomePage.png in Resources */,
				4917F2F21BE5E33A0054A646 /* LaunchScreen.storyboard in Resources */,
				496314911BED63D00021B51B /* WelcomePage.png in Resources */,
				4976B7E81BE5887A009E794E /* Assets.xcassets in Resources */,
				4917F2F51BE5E3600054A646 /* Info.plist in Resources */,
				4917F2EF1BE5E32E0054A646 /* Main.storyboard in Resources */,
			);
			runOnlyForDeploymentPostprocessing = 0;
		};
		4976B7EF1BE5887A009E794E /* Resources */ = {
			isa = PBXResourcesBuildPhase;
			buildActionMask = 2147483647;
			files = (
			);
			runOnlyForDeploymentPostprocessing = 0;
		};
		4976B7FA1BE5887A009E794E /* Resources */ = {
			isa = PBXResourcesBuildPhase;
			buildActionMask = 2147483647;
			files = (
			);
			runOnlyForDeploymentPostprocessing = 0;
		};
/* End PBXResourcesBuildPhase section */

/* Begin PBXSourcesBuildPhase section */
		4976B7D61BE5887A009E794E /* Sources */ = {
			isa = PBXSourcesBuildPhase;
			buildActionMask = 2147483647;
			files = (
				FB94B1941BE9198700D3E5DC /* PictureCell.swift in Sources */,
				FB2BA9101BE7C2C700CC110B /* LaiSeeViewController.swift in Sources */,
				FB94B19C1BEA310F00D3E5DC /* InfuseAPI.swift in Sources */,
				4976B7E01BE5887A009E794E /* ViewController.swift in Sources */,
				FB94B1881BE9198700D3E5DC /* CategoryCell.swift in Sources */,
				4976B7DE1BE5887A009E794E /* AppDelegate.swift in Sources */,
				FB94B1921BE9198700D3E5DC /* TimelineCell.swift in Sources */,
				4976B7E61BE5887A009E794E /* beaconscan.xcdatamodeld in Sources */,
				FB94B1431BE8310600D3E5DC /* LaiSeeTableViewController.swift in Sources */,
				FB94B18D1BE9198700D3E5DC /* TrackCell.swift in Sources */,
				FB2BA9091BE7AC9500CC110B /* SWRevealViewController.m in Sources */,
				FB2BA90C1BE7B88100CC110B /* HomeTableViewController.swift in Sources */,
				FB94B1871BE9198700D3E5DC /* CartCell.swift in Sources */,
				FB94B1451BE8319500D3E5DC /* PersonalInfoViewController.swift in Sources */,
				FB94B1861BE9198700D3E5DC /* EventCell.swift in Sources */,
				FB94B18E1BE9198700D3E5DC /* MetaCell.swift in Sources */,
				FB97981B1BEB7FB8000C1FB2 /* RetailerCell.swift in Sources */,
				FB94B1911BE9198700D3E5DC /* NavigationTableCell.swift in Sources */,
				FB94B18F1BE9198700D3E5DC /* NavigationFullCell.swift in Sources */,
				FB94B1951BE9198700D3E5DC /* MegaTheme.swift in Sources */,
				FB94B1901BE9198700D3E5DC /* NavigationSideCell.swift in Sources */,
				FB94B1981BE9AD1C00D3E5DC /* utils.swift in Sources */,
				FB94B1A11BEA424600D3E5DC /* Retailer.swift in Sources */,
				FB94B1891BE9198700D3E5DC /* ProductCell.swift in Sources */,
				FB94B18B1BE9198700D3E5DC /* AlbumCell.swift in Sources */,
				FB94B18A1BE9198700D3E5DC /* ProductImageCell.swift in Sources */,
				FB2BA90E1BE7C14500CC110B /* SettingViewController.swift in Sources */,
				FB94B1931BE9198700D3E5DC /* ConnectionCell.swift in Sources */,
				FB94B18C1BE9198700D3E5DC /* PhotoCell.swift in Sources */,
			);
			runOnlyForDeploymentPostprocessing = 0;
		};
		4976B7ED1BE5887A009E794E /* Sources */ = {
			isa = PBXSourcesBuildPhase;
			buildActionMask = 2147483647;
			files = (
				4976B7F61BE5887A009E794E /* beaconscanTests.swift in Sources */,
			);
			runOnlyForDeploymentPostprocessing = 0;
		};
		4976B7F81BE5887A009E794E /* Sources */ = {
			isa = PBXSourcesBuildPhase;
			buildActionMask = 2147483647;
			files = (
				4976B8011BE5887A009E794E /* beaconscanUITests.swift in Sources */,
			);
			runOnlyForDeploymentPostprocessing = 0;
		};
/* End PBXSourcesBuildPhase section */

/* Begin PBXTargetDependency section */
		4976B7F31BE5887A009E794E /* PBXTargetDependency */ = {
			isa = PBXTargetDependency;
			target = 4976B7D91BE5887A009E794E /* beaconscan */;
			targetProxy = 4976B7F21BE5887A009E794E /* PBXContainerItemProxy */;
		};
		4976B7FE1BE5887A009E794E /* PBXTargetDependency */ = {
			isa = PBXTargetDependency;
			target = 4976B7D91BE5887A009E794E /* beaconscan */;
			targetProxy = 4976B7FD1BE5887A009E794E /* PBXContainerItemProxy */;
		};
/* End PBXTargetDependency section */

/* Begin PBXVariantGroup section */
		4917F2F11BE5E32E0054A646 /* Main.storyboard */ = {
			isa = PBXVariantGroup;
			children = (
				4917F2F01BE5E32E0054A646 /* Base */,
				495092EF1BE68E650054DBA6 /* zh-Hant */,
				495092F11BE68E670054DBA6 /* zh-Hans */,
			);
			name = Main.storyboard;
			sourceTree = "<group>";
		};
		4917F2F41BE5E33A0054A646 /* LaunchScreen.storyboard */ = {
			isa = PBXVariantGroup;
			children = (
				4917F2F31BE5E33A0054A646 /* Base */,
			);
			name = LaunchScreen.storyboard;
			sourceTree = "<group>";
		};
		4917F2F71BE5E3600054A646 /* Info.plist */ = {
			isa = PBXVariantGroup;
			children = (
				4917F2F61BE5E3600054A646 /* Base */,
			);
			name = Info.plist;
			sourceTree = "<group>";
		};
		499F0B671BE68761005D9D84 /* InfoPlist.strings */ = {
			isa = PBXVariantGroup;
			children = (
				496D6BF61BE687E700DA350B /* zh-Hant */,
			);
			name = InfoPlist.strings;
			sourceTree = "<group>";
		};
		499F0B6C1BE68761005D9D84 /* InfoPlist.strings */ = {
			isa = PBXVariantGroup;
			children = (
				496D6BF71BE687E700DA350B /* zh-Hant */,
			);
			name = InfoPlist.strings;
			sourceTree = "<group>";
		};
/* End PBXVariantGroup section */

/* Begin XCBuildConfiguration section */
		4976B8031BE5887A009E794E /* Debug */ = {
			isa = XCBuildConfiguration;
			buildSettings = {
				ALWAYS_SEARCH_USER_PATHS = NO;
				CLANG_CXX_LANGUAGE_STANDARD = "gnu++0x";
				CLANG_CXX_LIBRARY = "libc++";
				CLANG_ENABLE_MODULES = YES;
				CLANG_ENABLE_OBJC_ARC = YES;
				CLANG_WARN_BOOL_CONVERSION = YES;
				CLANG_WARN_CONSTANT_CONVERSION = YES;
				CLANG_WARN_DIRECT_OBJC_ISA_USAGE = YES_ERROR;
				CLANG_WARN_EMPTY_BODY = YES;
				CLANG_WARN_ENUM_CONVERSION = YES;
				CLANG_WARN_INT_CONVERSION = YES;
				CLANG_WARN_OBJC_ROOT_CLASS = YES_ERROR;
				CLANG_WARN_UNREACHABLE_CODE = YES;
				CLANG_WARN__DUPLICATE_METHOD_MATCH = YES;
				"CODE_SIGN_IDENTITY[sdk=iphoneos*]" = "iPhone Developer";
				COPY_PHASE_STRIP = NO;
				DEBUG_INFORMATION_FORMAT = dwarf;
				ENABLE_STRICT_OBJC_MSGSEND = YES;
				ENABLE_TESTABILITY = YES;
				GCC_C_LANGUAGE_STANDARD = gnu99;
				GCC_DYNAMIC_NO_PIC = NO;
				GCC_NO_COMMON_BLOCKS = YES;
				GCC_OPTIMIZATION_LEVEL = 0;
				GCC_PREPROCESSOR_DEFINITIONS = (
					"DEBUG=1",
					"$(inherited)",
				);
				GCC_WARN_64_TO_32_BIT_CONVERSION = YES;
				GCC_WARN_ABOUT_RETURN_TYPE = YES_ERROR;
				GCC_WARN_UNDECLARED_SELECTOR = YES;
				GCC_WARN_UNINITIALIZED_AUTOS = YES_AGGRESSIVE;
				GCC_WARN_UNUSED_FUNCTION = YES;
				GCC_WARN_UNUSED_VARIABLE = YES;
				IPHONEOS_DEPLOYMENT_TARGET = 8.0;
				MTL_ENABLE_DEBUG_INFO = YES;
				ONLY_ACTIVE_ARCH = YES;
				SDKROOT = iphoneos;
				SWIFT_OPTIMIZATION_LEVEL = "-Onone";
				TARGETED_DEVICE_FAMILY = "1,2";
			};
			name = Debug;
		};
		4976B8041BE5887A009E794E /* Release */ = {
			isa = XCBuildConfiguration;
			buildSettings = {
				ALWAYS_SEARCH_USER_PATHS = NO;
				CLANG_CXX_LANGUAGE_STANDARD = "gnu++0x";
				CLANG_CXX_LIBRARY = "libc++";
				CLANG_ENABLE_MODULES = YES;
				CLANG_ENABLE_OBJC_ARC = YES;
				CLANG_WARN_BOOL_CONVERSION = YES;
				CLANG_WARN_CONSTANT_CONVERSION = YES;
				CLANG_WARN_DIRECT_OBJC_ISA_USAGE = YES_ERROR;
				CLANG_WARN_EMPTY_BODY = YES;
				CLANG_WARN_ENUM_CONVERSION = YES;
				CLANG_WARN_INT_CONVERSION = YES;
				CLANG_WARN_OBJC_ROOT_CLASS = YES_ERROR;
				CLANG_WARN_UNREACHABLE_CODE = YES;
				CLANG_WARN__DUPLICATE_METHOD_MATCH = YES;
				"CODE_SIGN_IDENTITY[sdk=iphoneos*]" = "iPhone Developer";
				COPY_PHASE_STRIP = NO;
				DEBUG_INFORMATION_FORMAT = "dwarf-with-dsym";
				ENABLE_NS_ASSERTIONS = NO;
				ENABLE_STRICT_OBJC_MSGSEND = YES;
				GCC_C_LANGUAGE_STANDARD = gnu99;
				GCC_NO_COMMON_BLOCKS = YES;
				GCC_WARN_64_TO_32_BIT_CONVERSION = YES;
				GCC_WARN_ABOUT_RETURN_TYPE = YES_ERROR;
				GCC_WARN_UNDECLARED_SELECTOR = YES;
				GCC_WARN_UNINITIALIZED_AUTOS = YES_AGGRESSIVE;
				GCC_WARN_UNUSED_FUNCTION = YES;
				GCC_WARN_UNUSED_VARIABLE = YES;
				IPHONEOS_DEPLOYMENT_TARGET = 8.0;
				MTL_ENABLE_DEBUG_INFO = NO;
				SDKROOT = iphoneos;
				TARGETED_DEVICE_FAMILY = "1,2";
				VALIDATE_PRODUCT = YES;
			};
			name = Release;
		};
		4976B8061BE5887A009E794E /* Debug */ = {
			isa = XCBuildConfiguration;
			buildSettings = {
				ASSETCATALOG_COMPILER_APPICON_NAME = AppIcon;
				CLANG_ENABLE_MODULES = YES;
				CODE_SIGN_IDENTITY = "iPhone Developer";
				"CODE_SIGN_IDENTITY[sdk=iphoneos*]" = "iPhone Developer";
				INFOPLIST_FILE = beaconscan/Base.lproj/Info.plist;
				LD_RUNPATH_SEARCH_PATHS = "$(inherited) @executable_path/Frameworks";
				PRODUCT_BUNDLE_IDENTIFIER = com.infusecreativeinc.bosco;
				PRODUCT_NAME = "$(TARGET_NAME)";
				PROVISIONING_PROFILE = "";
				SWIFT_OBJC_BRIDGING_HEADER = "beaconscan/beaconscan-Bridging-Header.h";
				SWIFT_OPTIMIZATION_LEVEL = "-Onone";
			};
			name = Debug;
		};
		4976B8071BE5887A009E794E /* Release */ = {
			isa = XCBuildConfiguration;
			buildSettings = {
				ASSETCATALOG_COMPILER_APPICON_NAME = AppIcon;
				CLANG_ENABLE_MODULES = YES;
				CODE_SIGN_IDENTITY = "iPhone Developer";
				"CODE_SIGN_IDENTITY[sdk=iphoneos*]" = "iPhone Developer";
				INFOPLIST_FILE = beaconscan/Base.lproj/Info.plist;
				LD_RUNPATH_SEARCH_PATHS = "$(inherited) @executable_path/Frameworks";
				PRODUCT_BUNDLE_IDENTIFIER = com.infusecreativeinc.bosco;
				PRODUCT_NAME = "$(TARGET_NAME)";
				PROVISIONING_PROFILE = "";
				SWIFT_OBJC_BRIDGING_HEADER = "beaconscan/beaconscan-Bridging-Header.h";
			};
			name = Release;
		};
		4976B8091BE5887A009E794E /* Debug */ = {
			isa = XCBuildConfiguration;
			buildSettings = {
				BUNDLE_LOADER = "$(TEST_HOST)";
				INFOPLIST_FILE = beaconscanTests/Info.plist;
				LD_RUNPATH_SEARCH_PATHS = "$(inherited) @executable_path/Frameworks @loader_path/Frameworks";
				PRODUCT_BUNDLE_IDENTIFIER = com.infusecreativeinc.beaconscanTests;
				PRODUCT_NAME = "$(TARGET_NAME)";
				TEST_HOST = "$(BUILT_PRODUCTS_DIR)/beaconscan.app/beaconscan";
			};
			name = Debug;
		};
		4976B80A1BE5887A009E794E /* Release */ = {
			isa = XCBuildConfiguration;
			buildSettings = {
				BUNDLE_LOADER = "$(TEST_HOST)";
				INFOPLIST_FILE = beaconscanTests/Info.plist;
				LD_RUNPATH_SEARCH_PATHS = "$(inherited) @executable_path/Frameworks @loader_path/Frameworks";
				PRODUCT_BUNDLE_IDENTIFIER = com.infusecreativeinc.beaconscanTests;
				PRODUCT_NAME = "$(TARGET_NAME)";
				TEST_HOST = "$(BUILT_PRODUCTS_DIR)/beaconscan.app/beaconscan";
			};
			name = Release;
		};
		4976B80C1BE5887A009E794E /* Debug */ = {
			isa = XCBuildConfiguration;
			buildSettings = {
				INFOPLIST_FILE = beaconscanUITests/Info.plist;
				LD_RUNPATH_SEARCH_PATHS = "$(inherited) @executable_path/Frameworks @loader_path/Frameworks";
				PRODUCT_BUNDLE_IDENTIFIER = com.infusecreativeinc.beaconscanUITests;
				PRODUCT_NAME = "$(TARGET_NAME)";
				TEST_TARGET_NAME = beaconscan;
				USES_XCTRUNNER = YES;
			};
			name = Debug;
		};
		4976B80D1BE5887A009E794E /* Release */ = {
			isa = XCBuildConfiguration;
			buildSettings = {
				INFOPLIST_FILE = beaconscanUITests/Info.plist;
				LD_RUNPATH_SEARCH_PATHS = "$(inherited) @executable_path/Frameworks @loader_path/Frameworks";
				PRODUCT_BUNDLE_IDENTIFIER = com.infusecreativeinc.beaconscanUITests;
				PRODUCT_NAME = "$(TARGET_NAME)";
				TEST_TARGET_NAME = beaconscan;
				USES_XCTRUNNER = YES;
			};
			name = Release;
		};
/* End XCBuildConfiguration section */

/* Begin XCConfigurationList section */
		4976B7D51BE5887A009E794E /* Build configuration list for PBXProject "beaconscan" */ = {
			isa = XCConfigurationList;
			buildConfigurations = (
				4976B8031BE5887A009E794E /* Debug */,
				4976B8041BE5887A009E794E /* Release */,
			);
			defaultConfigurationIsVisible = 0;
			defaultConfigurationName = Release;
		};
		4976B8051BE5887A009E794E /* Build configuration list for PBXNativeTarget "beaconscan" */ = {
			isa = XCConfigurationList;
			buildConfigurations = (
				4976B8061BE5887A009E794E /* Debug */,
				4976B8071BE5887A009E794E /* Release */,
			);
			defaultConfigurationIsVisible = 0;
			defaultConfigurationName = Release;
		};
		4976B8081BE5887A009E794E /* Build configuration list for PBXNativeTarget "beaconscanTests" */ = {
			isa = XCConfigurationList;
			buildConfigurations = (
				4976B8091BE5887A009E794E /* Debug */,
				4976B80A1BE5887A009E794E /* Release */,
			);
			defaultConfigurationIsVisible = 0;
			defaultConfigurationName = Release;
		};
		4976B80B1BE5887A009E794E /* Build configuration list for PBXNativeTarget "beaconscanUITests" */ = {
			isa = XCConfigurationList;
			buildConfigurations = (
				4976B80C1BE5887A009E794E /* Debug */,
				4976B80D1BE5887A009E794E /* Release */,
			);
			defaultConfigurationIsVisible = 0;
			defaultConfigurationName = Release;
		};
/* End XCConfigurationList section */

/* Begin XCVersionGroup section */
		4976B7E41BE5887A009E794E /* beaconscan.xcdatamodeld */ = {
			isa = XCVersionGroup;
			children = (
				4976B7E51BE5887A009E794E /* beaconscan.xcdatamodel */,
			);
			currentVersion = 4976B7E51BE5887A009E794E /* beaconscan.xcdatamodel */;
			path = beaconscan.xcdatamodeld;
			sourceTree = "<group>";
			versionGroupType = wrapper.xcdatamodel;
		};
/* End XCVersionGroup section */
	};
	rootObject = 4976B7D21BE5887A009E794E /* Project object */;
}
